
Microsoft Visual Studio Solution File, Format Version 12.00
# Visual Studio Version 17
VisualStudioVersion = 17.5.33627.172
MinimumVisualStudioVersion = 10.0.40219.1
Project("{2150E333-8FDC-42A3-9474-1A3956D46DE8}") = "Port.Adapter", "Port.Adapter", "{A5B45DAB-F70F-4AEF-905F-2F5572BA7A9A}"
EndProject
Project("{2150E333-8FDC-42A3-9474-1A3956D46DE8}") = "UI", "UI", "{35828C47-3640-40BA-A570-37042D07468B}"
EndProject
Project("{9A19103F-16F7-4668-BE54-9A1E7A4F7556}") = "Application", "main\Application\Application.csproj", "{D03FF0EB-1C0B-441B-A033-F82903EAC9E9}"
EndProject
Project("{9A19103F-16F7-4668-BE54-9A1E7A4F7556}") = "Domain.Model", "main\Domain.Model\Domain.Model.csproj", "{17E74E05-9E74-48AB-A6C1-78CEF8EFD238}"
EndProject
Project("{2150E333-8FDC-42A3-9474-1A3956D46DE8}") = "IO", "IO", "{C7C2E0EB-C00E-4CEB-834B-9E214E547CFD}"
EndProject
Project("{2150E333-8FDC-42A3-9474-1A3956D46DE8}") = "Process", "Process", "{0C490BEE-D19C-4A5B-9475-5C47391A008E}"
EndProject
Project("{9A19103F-16F7-4668-BE54-9A1E7A4F7556}") = "Services", "main\IO\Process\Services\Services.csproj", "{30FEB186-E8A8-4EB0-B618-775C2633F9C1}"
EndProject
Project("{9A19103F-16F7-4668-BE54-9A1E7A4F7556}") = "Domain.Model.Test", "test\Domain.Model\Domain.Model.Test.csproj", "{98917C5C-C4BE-417A-966B-FECC5A987E1D}"
EndProject
Project("{9A19103F-16F7-4668-BE54-9A1E7A4F7556}") = "Common", "main\Common\Common.csproj", "{D1F4EDE0-A891-42ED-A4ED-D83847F20781}"
EndProject
Project("{9A19103F-16F7-4668-BE54-9A1E7A4F7556}") = "CLI", "main\Port.Adapter\UI\CLI\CLI.csproj", "{7FB91EAE-28DC-4B9A-96A9-EB8991672EC1}"
EndProject
Global
	GlobalSection(SolutionConfigurationPlatforms) = preSolution
		Debug|Any CPU = Debug|Any CPU
		Release|Any CPU = Release|Any CPU
	EndGlobalSection
	GlobalSection(ProjectConfigurationPlatforms) = postSolution
		{D03FF0EB-1C0B-441B-A033-F82903EAC9E9}.Debug|Any CPU.ActiveCfg = Debug|Any CPU
		{D03FF0EB-1C0B-441B-A033-F82903EAC9E9}.Debug|Any CPU.Build.0 = Debug|Any CPU
		{D03FF0EB-1C0B-441B-A033-F82903EAC9E9}.Release|Any CPU.ActiveCfg = Release|Any CPU
		{D03FF0EB-1C0B-441B-A033-F82903EAC9E9}.Release|Any CPU.Build.0 = Release|Any CPU
		{17E74E05-9E74-48AB-A6C1-78CEF8EFD238}.Debug|Any CPU.ActiveCfg = Debug|Any CPU
		{17E74E05-9E74-48AB-A6C1-78CEF8EFD238}.Debug|Any CPU.Build.0 = Debug|Any CPU
		{17E74E05-9E74-48AB-A6C1-78CEF8EFD238}.Release|Any CPU.ActiveCfg = Release|Any CPU
		{17E74E05-9E74-48AB-A6C1-78CEF8EFD238}.Release|Any CPU.Build.0 = Release|Any CPU
		{30FEB186-E8A8-4EB0-B618-775C2633F9C1}.Debug|Any CPU.ActiveCfg = Debug|Any CPU
		{30FEB186-E8A8-4EB0-B618-775C2633F9C1}.Debug|Any CPU.Build.0 = Debug|Any CPU
		{30FEB186-E8A8-4EB0-B618-775C2633F9C1}.Release|Any CPU.ActiveCfg = Release|Any CPU
		{30FEB186-E8A8-4EB0-B618-775C2633F9C1}.Release|Any CPU.Build.0 = Release|Any CPU
		{98917C5C-C4BE-417A-966B-FECC5A987E1D}.Debug|Any CPU.ActiveCfg = Debug|Any CPU
		{98917C5C-C4BE-417A-966B-FECC5A987E1D}.Debug|Any CPU.Build.0 = Debug|Any CPU
		{98917C5C-C4BE-417A-966B-FECC5A987E1D}.Release|Any CPU.ActiveCfg = Release|Any CPU
		{98917C5C-C4BE-417A-966B-FECC5A987E1D}.Release|Any CPU.Build.0 = Release|Any CPU
		{D1F4EDE0-A891-42ED-A4ED-D83847F20781}.Debug|Any CPU.ActiveCfg = Debug|Any CPU
		{D1F4EDE0-A891-42ED-A4ED-D83847F20781}.Debug|Any CPU.Build.0 = Debug|Any CPU
		{D1F4EDE0-A891-42ED-A4ED-D83847F20781}.Release|Any CPU.ActiveCfg = Release|Any CPU
		{D1F4EDE0-A891-42ED-A4ED-D83847F20781}.Release|Any CPU.Build.0 = Release|Any CPU
		{7FB91EAE-28DC-4B9A-96A9-EB8991672EC1}.Debug|Any CPU.ActiveCfg = Debug|Any CPU
		{7FB91EAE-28DC-4B9A-96A9-EB8991672EC1}.Debug|Any CPU.Build.0 = Debug|Any CPU
		{7FB91EAE-28DC-4B9A-96A9-EB8991672EC1}.Release|Any CPU.ActiveCfg = Release|Any CPU
		{7FB91EAE-28DC-4B9A-96A9-EB8991672EC1}.Release|Any CPU.Build.0 = Release|Any CPU
	EndGlobalSection
	GlobalSection(SolutionProperties) = preSolution
		HideSolutionNode = FALSE
	EndGlobalSection
	GlobalSection(NestedProjects) = preSolution
		{35828C47-3640-40BA-A570-37042D07468B} = {A5B45DAB-F70F-4AEF-905F-2F5572BA7A9A}
		{C7C2E0EB-C00E-4CEB-834B-9E214E547CFD} = {A5B45DAB-F70F-4AEF-905F-2F5572BA7A9A}
		{0C490BEE-D19C-4A5B-9475-5C47391A008E} = {C7C2E0EB-C00E-4CEB-834B-9E214E547CFD}
		{30FEB186-E8A8-4EB0-B618-775C2633F9C1} = {0C490BEE-D19C-4A5B-9475-5C47391A008E}
		{7FB91EAE-28DC-4B9A-96A9-EB8991672EC1} = {35828C47-3640-40BA-A570-37042D07468B}
	EndGlobalSection
	GlobalSection(ExtensibilityGlobals) = postSolution
		SolutionGuid = {7CB27EE4-B57B-4D38-A63F-6336B06270D4}
	EndGlobalSection
EndGlobal
